// !$*UTF8*$!
{
	archiveVersion = 1;
	classes = {
	};
	objectVersion = 56;
	objects = {

/* Begin PBXBuildFile section */
		AA26D5602B309EEB001FD7DB /* elevator.mp3 in Resources */ = {isa = PBXBuildFile; fileRef = AA26D55F2B309EEB001FD7DB /* elevator.mp3 */; };
		AA7C5BBC2B2FBF9400EE0F44 /* whoosh.mp3 in Resources */ = {isa = PBXBuildFile; fileRef = AA7C5BBB2B2FBF9300EE0F44 /* whoosh.mp3 */; };
		AA7C5BBE2B2FC23300EE0F44 /* fart4.mp3 in Resources */ = {isa = PBXBuildFile; fileRef = AA7C5BBD2B2FC23200EE0F44 /* fart4.mp3 */; };
		AA7C5BC02B2FC23800EE0F44 /* fart3.mp3 in Resources */ = {isa = PBXBuildFile; fileRef = AA7C5BBF2B2FC23800EE0F44 /* fart3.mp3 */; };
		AA7C5BC22B2FC23D00EE0F44 /* laugh.mp3 in Resources */ = {isa = PBXBuildFile; fileRef = AA7C5BC12B2FC23D00EE0F44 /* laugh.mp3 */; };
		AA7C5BC42B2FC24500EE0F44 /* fart2.mp3 in Resources */ = {isa = PBXBuildFile; fileRef = AA7C5BC32B2FC24500EE0F44 /* fart2.mp3 */; };
		AA7C5BC62B2FC24D00EE0F44 /* fart1.mp3 in Resources */ = {isa = PBXBuildFile; fileRef = AA7C5BC52B2FC24D00EE0F44 /* fart1.mp3 */; };
		AA7C5BC82B2FC46F00EE0F44 /* grunt.mp3 in Resources */ = {isa = PBXBuildFile; fileRef = AA7C5BC72B2FC46F00EE0F44 /* grunt.mp3 */; };
		AA7C5BCA2B2FC4F100EE0F44 /* sniff.mp3 in Resources */ = {isa = PBXBuildFile; fileRef = AA7C5BC92B2FC4F100EE0F44 /* sniff.mp3 */; };
		AA7C5BCC2B2FC7FC00EE0F44 /* laugh2.mp3 in Resources */ = {isa = PBXBuildFile; fileRef = AA7C5BCB2B2FC7FC00EE0F44 /* laugh2.mp3 */; };
		AA7C5BCE2B2FC80200EE0F44 /* lol1.mp3 in Resources */ = {isa = PBXBuildFile; fileRef = AA7C5BCD2B2FC80200EE0F44 /* lol1.mp3 */; };
		AA7C5BD02B2FC80900EE0F44 /* lol2.mp3 in Resources */ = {isa = PBXBuildFile; fileRef = AA7C5BCF2B2FC80900EE0F44 /* lol2.mp3 */; };
		AA7C5BD22B2FC80E00EE0F44 /* lol3.mp3 in Resources */ = {isa = PBXBuildFile; fileRef = AA7C5BD12B2FC80E00EE0F44 /* lol3.mp3 */; };
		AA7C5BD42B2FC81400EE0F44 /* laugh3.mp3 in Resources */ = {isa = PBXBuildFile; fileRef = AA7C5BD32B2FC81400EE0F44 /* laugh3.mp3 */; };
		AA7C5BD62B2FCC8800EE0F44 /* die.wav in Resources */ = {isa = PBXBuildFile; fileRef = AA7C5BD52B2FCC8800EE0F44 /* die.wav */; };
		AA7C5BD82B2FCC8E00EE0F44 /* jump.wav in Resources */ = {isa = PBXBuildFile; fileRef = AA7C5BD72B2FCC8E00EE0F44 /* jump.wav */; };
		AA7C5BDA2B2FCC9A00EE0F44 /* SantiScream1.wav.wav in Resources */ = {isa = PBXBuildFile; fileRef = AA7C5BD92B2FCC9A00EE0F44 /* SantiScream1.wav.wav */; };
		AA7C5BDC2B2FCCA000EE0F44 /* SantiScream2.wav in Resources */ = {isa = PBXBuildFile; fileRef = AA7C5BDB2B2FCCA000EE0F44 /* SantiScream2.wav */; };
		AA7C5BDE2B2FD06E00EE0F44 /* filiDead.wav in Resources */ = {isa = PBXBuildFile; fileRef = AA7C5BDD2B2FD06E00EE0F44 /* filiDead.wav */; };
		AAAD737F2B28AF1B002038AF /* IntroView.swift in Sources */ = {isa = PBXBuildFile; fileRef = AAAD737E2B28AF1B002038AF /* IntroView.swift */; };
		AAAD73822B28C049002038AF /* LuckiestGuy-Regular.ttf in Resources */ = {isa = PBXBuildFile; fileRef = AAAD73812B28C049002038AF /* LuckiestGuy-Regular.ttf */; };
		AAAD738B2B28C590002038AF /* CigaretteGameScene.swift in Sources */ = {isa = PBXBuildFile; fileRef = AAAD738A2B28C590002038AF /* CigaretteGameScene.swift */; };
		AAAD738E2B28FDE8002038AF /* CigaretteGameView.swift in Sources */ = {isa = PBXBuildFile; fileRef = AAAD738D2B28FDE8002038AF /* CigaretteGameView.swift */; };
		AAAD73902B28FFD4002038AF /* FartingGameView.swift in Sources */ = {isa = PBXBuildFile; fileRef = AAAD738F2B28FFD4002038AF /* FartingGameView.swift */; };
		AAAD73932B28FFF9002038AF /* RunningGameView.swift in Sources */ = {isa = PBXBuildFile; fileRef = AAAD73922B28FFF9002038AF /* RunningGameView.swift */; };
		AAAD73952B29001B002038AF /* ElevatorGameView.swift in Sources */ = {isa = PBXBuildFile; fileRef = AAAD73942B29001B002038AF /* ElevatorGameView.swift */; };
		AAAD739A2B290E73002038AF /* CigaretteGameViewModel.swift in Sources */ = {isa = PBXBuildFile; fileRef = AAAD73992B290E73002038AF /* CigaretteGameViewModel.swift */; };
		AAAD739C2B2917F7002038AF /* CigLeaderboardView.swift in Sources */ = {isa = PBXBuildFile; fileRef = AAAD739B2B2917F7002038AF /* CigLeaderboardView.swift */; };
		AAB60CB82B294E82007AE64D /* ContentView.swift in Sources */ = {isa = PBXBuildFile; fileRef = AAB60CB72B294E82007AE64D /* ContentView.swift */; };
		AAB60CBB2B294F5C007AE64D /* FartingGameViewModel.swift in Sources */ = {isa = PBXBuildFile; fileRef = AAB60CBA2B294F5C007AE64D /* FartingGameViewModel.swift */; };
		AAB60CBD2B294FFA007AE64D /* FartingGameScene.swift in Sources */ = {isa = PBXBuildFile; fileRef = AAB60CBC2B294FFA007AE64D /* FartingGameScene.swift */; };
		AAB60CC02B295EBC007AE64D /* FartingLeaderBoardView.swift in Sources */ = {isa = PBXBuildFile; fileRef = AAB60CBF2B295EBC007AE64D /* FartingLeaderBoardView.swift */; };
		AAB60CC42B2A072C007AE64D /* ElevatorGameScene.swift in Sources */ = {isa = PBXBuildFile; fileRef = AAB60CC32B2A072C007AE64D /* ElevatorGameScene.swift */; };
		AAB60CC62B2A074F007AE64D /* ElevatorGameViewModel.swift in Sources */ = {isa = PBXBuildFile; fileRef = AAB60CC52B2A074F007AE64D /* ElevatorGameViewModel.swift */; };
		AAB60CC82B2A0770007AE64D /* ElevatorLeaderboardView.swift in Sources */ = {isa = PBXBuildFile; fileRef = AAB60CC72B2A0770007AE64D /* ElevatorLeaderboardView.swift */; };
		AAB60CCA2B2A0C15007AE64D /* RunningGameScene.swift in Sources */ = {isa = PBXBuildFile; fileRef = AAB60CC92B2A0C15007AE64D /* RunningGameScene.swift */; };
		AAB60CCC2B2A0C76007AE64D /* RunningGameViewModel.swift in Sources */ = {isa = PBXBuildFile; fileRef = AAB60CCB2B2A0C76007AE64D /* RunningGameViewModel.swift */; };
		AAFCB82E2B1F5F640064A4D3 /* AppDelegate.swift in Sources */ = {isa = PBXBuildFile; fileRef = AAFCB82D2B1F5F640064A4D3 /* AppDelegate.swift */; };
		AAFCB8302B1F5F650064A4D3 /* GameScene.sks in Resources */ = {isa = PBXBuildFile; fileRef = AAFCB82F2B1F5F650064A4D3 /* GameScene.sks */; };
		AAFCB8322B1F5F650064A4D3 /* Actions.sks in Resources */ = {isa = PBXBuildFile; fileRef = AAFCB8312B1F5F650064A4D3 /* Actions.sks */; };
		AAFCB8342B1F5F650064A4D3 /* GameScene.swift in Sources */ = {isa = PBXBuildFile; fileRef = AAFCB8332B1F5F650064A4D3 /* GameScene.swift */; };
		AAFCB8362B1F5F650064A4D3 /* GameViewController.swift in Sources */ = {isa = PBXBuildFile; fileRef = AAFCB8352B1F5F650064A4D3 /* GameViewController.swift */; };
		AAFCB8392B1F5F650064A4D3 /* Main.storyboard in Resources */ = {isa = PBXBuildFile; fileRef = AAFCB8372B1F5F650064A4D3 /* Main.storyboard */; };
		AAFCB83B2B1F5F660064A4D3 /* Assets.xcassets in Resources */ = {isa = PBXBuildFile; fileRef = AAFCB83A2B1F5F660064A4D3 /* Assets.xcassets */; };
		AAFCB83E2B1F5F660064A4D3 /* LaunchScreen.storyboard in Resources */ = {isa = PBXBuildFile; fileRef = AAFCB83C2B1F5F660064A4D3 /* LaunchScreen.storyboard */; };
/* End PBXBuildFile section */

/* Begin PBXFileReference section */
		AA26D55F2B309EEB001FD7DB /* elevator.mp3 */ = {isa = PBXFileReference; lastKnownFileType = audio.mp3; path = elevator.mp3; sourceTree = "<group>"; };
		AA7C5BBB2B2FBF9300EE0F44 /* whoosh.mp3 */ = {isa = PBXFileReference; lastKnownFileType = audio.mp3; path = whoosh.mp3; sourceTree = "<group>"; };
		AA7C5BBD2B2FC23200EE0F44 /* fart4.mp3 */ = {isa = PBXFileReference; lastKnownFileType = audio.mp3; path = fart4.mp3; sourceTree = "<group>"; };
		AA7C5BBF2B2FC23800EE0F44 /* fart3.mp3 */ = {isa = PBXFileReference; lastKnownFileType = audio.mp3; path = fart3.mp3; sourceTree = "<group>"; };
		AA7C5BC12B2FC23D00EE0F44 /* laugh.mp3 */ = {isa = PBXFileReference; lastKnownFileType = audio.mp3; path = laugh.mp3; sourceTree = "<group>"; };
		AA7C5BC32B2FC24500EE0F44 /* fart2.mp3 */ = {isa = PBXFileReference; lastKnownFileType = audio.mp3; path = fart2.mp3; sourceTree = "<group>"; };
		AA7C5BC52B2FC24D00EE0F44 /* fart1.mp3 */ = {isa = PBXFileReference; lastKnownFileType = audio.mp3; path = fart1.mp3; sourceTree = "<group>"; };
		AA7C5BC72B2FC46F00EE0F44 /* grunt.mp3 */ = {isa = PBXFileReference; lastKnownFileType = audio.mp3; path = grunt.mp3; sourceTree = "<group>"; };
		AA7C5BC92B2FC4F100EE0F44 /* sniff.mp3 */ = {isa = PBXFileReference; lastKnownFileType = audio.mp3; path = sniff.mp3; sourceTree = "<group>"; };
		AA7C5BCB2B2FC7FC00EE0F44 /* laugh2.mp3 */ = {isa = PBXFileReference; lastKnownFileType = audio.mp3; path = laugh2.mp3; sourceTree = "<group>"; };
		AA7C5BCD2B2FC80200EE0F44 /* lol1.mp3 */ = {isa = PBXFileReference; lastKnownFileType = audio.mp3; path = lol1.mp3; sourceTree = "<group>"; };
		AA7C5BCF2B2FC80900EE0F44 /* lol2.mp3 */ = {isa = PBXFileReference; lastKnownFileType = audio.mp3; path = lol2.mp3; sourceTree = "<group>"; };
		AA7C5BD12B2FC80E00EE0F44 /* lol3.mp3 */ = {isa = PBXFileReference; lastKnownFileType = audio.mp3; path = lol3.mp3; sourceTree = "<group>"; };
		AA7C5BD32B2FC81400EE0F44 /* laugh3.mp3 */ = {isa = PBXFileReference; lastKnownFileType = audio.mp3; path = laugh3.mp3; sourceTree = "<group>"; };
		AA7C5BD52B2FCC8800EE0F44 /* die.wav */ = {isa = PBXFileReference; lastKnownFileType = audio.wav; name = die.wav; path = DoomsdayNanoDragons/Assets.xcassets/dino/sounds/die.dataset/die.wav; sourceTree = SOURCE_ROOT; };
		AA7C5BD72B2FCC8E00EE0F44 /* jump.wav */ = {isa = PBXFileReference; lastKnownFileType = audio.wav; name = jump.wav; path = DoomsdayNanoDragons/Assets.xcassets/dino/sounds/jump.dataset/jump.wav; sourceTree = SOURCE_ROOT; };
		AA7C5BD92B2FCC9A00EE0F44 /* SantiScream1.wav.wav */ = {isa = PBXFileReference; lastKnownFileType = audio.wav; name = SantiScream1.wav.wav; path = DoomsdayNanoDragons/Assets.xcassets/dino/sounds/SantiScream1.dataset/SantiScream1.wav.wav; sourceTree = SOURCE_ROOT; };
		AA7C5BDB2B2FCCA000EE0F44 /* SantiScream2.wav */ = {isa = PBXFileReference; lastKnownFileType = audio.wav; name = SantiScream2.wav; path = DoomsdayNanoDragons/Assets.xcassets/dino/sounds/SantiScream2.dataset/SantiScream2.wav; sourceTree = SOURCE_ROOT; };
		AA7C5BDD2B2FD06E00EE0F44 /* filiDead.wav */ = {isa = PBXFileReference; lastKnownFileType = audio.wav; path = filiDead.wav; sourceTree = "<group>"; };
		AAAD737E2B28AF1B002038AF /* IntroView.swift */ = {isa = PBXFileReference; lastKnownFileType = sourcecode.swift; path = IntroView.swift; sourceTree = "<group>"; };
		AAAD73812B28C049002038AF /* LuckiestGuy-Regular.ttf */ = {isa = PBXFileReference; lastKnownFileType = file; path = "LuckiestGuy-Regular.ttf"; sourceTree = "<group>"; };
		AAAD73882B28C3E1002038AF /* Info.plist */ = {isa = PBXFileReference; lastKnownFileType = text.plist; path = Info.plist; sourceTree = "<group>"; };
		AAAD738A2B28C590002038AF /* CigaretteGameScene.swift */ = {isa = PBXFileReference; lastKnownFileType = sourcecode.swift; path = CigaretteGameScene.swift; sourceTree = "<group>"; };
		AAAD738D2B28FDE8002038AF /* CigaretteGameView.swift */ = {isa = PBXFileReference; lastKnownFileType = sourcecode.swift; path = CigaretteGameView.swift; sourceTree = "<group>"; };
		AAAD738F2B28FFD4002038AF /* FartingGameView.swift */ = {isa = PBXFileReference; lastKnownFileType = sourcecode.swift; path = FartingGameView.swift; sourceTree = "<group>"; };
		AAAD73922B28FFF9002038AF /* RunningGameView.swift */ = {isa = PBXFileReference; lastKnownFileType = sourcecode.swift; path = RunningGameView.swift; sourceTree = "<group>"; };
		AAAD73942B29001B002038AF /* ElevatorGameView.swift */ = {isa = PBXFileReference; lastKnownFileType = sourcecode.swift; path = ElevatorGameView.swift; sourceTree = "<group>"; };
		AAAD73992B290E73002038AF /* CigaretteGameViewModel.swift */ = {isa = PBXFileReference; lastKnownFileType = sourcecode.swift; path = CigaretteGameViewModel.swift; sourceTree = "<group>"; };
		AAAD739B2B2917F7002038AF /* CigLeaderboardView.swift */ = {isa = PBXFileReference; lastKnownFileType = sourcecode.swift; path = CigLeaderboardView.swift; sourceTree = "<group>"; };
		AAB60CB72B294E82007AE64D /* ContentView.swift */ = {isa = PBXFileReference; lastKnownFileType = sourcecode.swift; path = ContentView.swift; sourceTree = "<group>"; };
		AAB60CBA2B294F5C007AE64D /* FartingGameViewModel.swift */ = {isa = PBXFileReference; lastKnownFileType = sourcecode.swift; path = FartingGameViewModel.swift; sourceTree = "<group>"; };
		AAB60CBC2B294FFA007AE64D /* FartingGameScene.swift */ = {isa = PBXFileReference; lastKnownFileType = sourcecode.swift; path = FartingGameScene.swift; sourceTree = "<group>"; };
		AAB60CBF2B295EBC007AE64D /* FartingLeaderBoardView.swift */ = {isa = PBXFileReference; lastKnownFileType = sourcecode.swift; path = FartingLeaderBoardView.swift; sourceTree = "<group>"; };
		AAB60CC32B2A072C007AE64D /* ElevatorGameScene.swift */ = {isa = PBXFileReference; lastKnownFileType = sourcecode.swift; path = ElevatorGameScene.swift; sourceTree = "<group>"; };
		AAB60CC52B2A074F007AE64D /* ElevatorGameViewModel.swift */ = {isa = PBXFileReference; lastKnownFileType = sourcecode.swift; path = ElevatorGameViewModel.swift; sourceTree = "<group>"; };
		AAB60CC72B2A0770007AE64D /* ElevatorLeaderboardView.swift */ = {isa = PBXFileReference; lastKnownFileType = sourcecode.swift; path = ElevatorLeaderboardView.swift; sourceTree = "<group>"; };
		AAB60CC92B2A0C15007AE64D /* RunningGameScene.swift */ = {isa = PBXFileReference; lastKnownFileType = sourcecode.swift; path = RunningGameScene.swift; sourceTree = "<group>"; };
		AAB60CCB2B2A0C76007AE64D /* RunningGameViewModel.swift */ = {isa = PBXFileReference; lastKnownFileType = sourcecode.swift; path = RunningGameViewModel.swift; sourceTree = "<group>"; };
		AAFCB82A2B1F5F640064A4D3 /* The Academy Game.app */ = {isa = PBXFileReference; explicitFileType = wrapper.application; includeInIndex = 0; path = "The Academy Game.app"; sourceTree = BUILT_PRODUCTS_DIR; };
		AAFCB82D2B1F5F640064A4D3 /* AppDelegate.swift */ = {isa = PBXFileReference; lastKnownFileType = sourcecode.swift; path = AppDelegate.swift; sourceTree = "<group>"; };
		AAFCB82F2B1F5F650064A4D3 /* GameScene.sks */ = {isa = PBXFileReference; lastKnownFileType = file.sks; path = GameScene.sks; sourceTree = "<group>"; };
		AAFCB8312B1F5F650064A4D3 /* Actions.sks */ = {isa = PBXFileReference; lastKnownFileType = file.sks; path = Actions.sks; sourceTree = "<group>"; };
		AAFCB8332B1F5F650064A4D3 /* GameScene.swift */ = {isa = PBXFileReference; lastKnownFileType = sourcecode.swift; path = GameScene.swift; sourceTree = "<group>"; };
		AAFCB8352B1F5F650064A4D3 /* GameViewController.swift */ = {isa = PBXFileReference; lastKnownFileType = sourcecode.swift; path = GameViewController.swift; sourceTree = "<group>"; };
		AAFCB8382B1F5F650064A4D3 /* Base */ = {isa = PBXFileReference; lastKnownFileType = file.storyboard; name = Base; path = Base.lproj/Main.storyboard; sourceTree = "<group>"; };
		AAFCB83A2B1F5F660064A4D3 /* Assets.xcassets */ = {isa = PBXFileReference; lastKnownFileType = folder.assetcatalog; path = Assets.xcassets; sourceTree = "<group>"; };
		AAFCB83D2B1F5F660064A4D3 /* Base */ = {isa = PBXFileReference; lastKnownFileType = file.storyboard; name = Base; path = Base.lproj/LaunchScreen.storyboard; sourceTree = "<group>"; };
/* End PBXFileReference section */

/* Begin PBXFrameworksBuildPhase section */
		AAFCB8272B1F5F640064A4D3 /* Frameworks */ = {
			isa = PBXFrameworksBuildPhase;
			buildActionMask = 2147483647;
			files = (
			);
			runOnlyForDeploymentPostprocessing = 0;
		};
/* End PBXFrameworksBuildPhase section */

/* Begin PBXGroup section */
		AA7C5BBA2B2FBF8400EE0F44 /* Sounds */ = {
			isa = PBXGroup;
			children = (
				AA26D55F2B309EEB001FD7DB /* elevator.mp3 */,
				AA7C5BDD2B2FD06E00EE0F44 /* filiDead.wav */,
				AA7C5BDB2B2FCCA000EE0F44 /* SantiScream2.wav */,
				AA7C5BD92B2FCC9A00EE0F44 /* SantiScream1.wav.wav */,
				AA7C5BD72B2FCC8E00EE0F44 /* jump.wav */,
				AA7C5BD52B2FCC8800EE0F44 /* die.wav */,
				AA7C5BC52B2FC24D00EE0F44 /* fart1.mp3 */,
				AA7C5BC32B2FC24500EE0F44 /* fart2.mp3 */,
				AA7C5BBF2B2FC23800EE0F44 /* fart3.mp3 */,
				AA7C5BBD2B2FC23200EE0F44 /* fart4.mp3 */,
				AA7C5BC72B2FC46F00EE0F44 /* grunt.mp3 */,
				AA7C5BC12B2FC23D00EE0F44 /* laugh.mp3 */,
				AA7C5BCB2B2FC7FC00EE0F44 /* laugh2.mp3 */,
				AA7C5BD32B2FC81400EE0F44 /* laugh3.mp3 */,
				AA7C5BCD2B2FC80200EE0F44 /* lol1.mp3 */,
				AA7C5BCF2B2FC80900EE0F44 /* lol2.mp3 */,
				AA7C5BD12B2FC80E00EE0F44 /* lol3.mp3 */,
				AA7C5BC92B2FC4F100EE0F44 /* sniff.mp3 */,
				AA7C5BBB2B2FBF9300EE0F44 /* whoosh.mp3 */,
			);
			path = Sounds;
			sourceTree = "<group>";
		};
		AAAD73792B28AEA8002038AF /* Scenes */ = {
			isa = PBXGroup;
			children = (
				AAAD73972B290E57002038AF /* ViewModels */,
				AAAD738C2B28FDD1002038AF /* Views */,
			);
			path = Scenes;
			sourceTree = "<group>";
		};
		AAAD73802B28C038002038AF /* fonts */ = {
			isa = PBXGroup;
			children = (
				AAAD73812B28C049002038AF /* LuckiestGuy-Regular.ttf */,
			);
			path = fonts;
			sourceTree = "<group>";
		};
		AAAD738C2B28FDD1002038AF /* Views */ = {
			isa = PBXGroup;
			children = (
				AAB60CC22B2A06C9007AE64D /* Running */,
				AAB60CC12B2A06B9007AE64D /* Elevator */,
				AAB60CB92B294F37007AE64D /* Farting */,
				AAAD739D2B291DC2002038AF /* Cig */,
				AAAD737E2B28AF1B002038AF /* IntroView.swift */,
				AAB60CB72B294E82007AE64D /* ContentView.swift */,
			);
			path = Views;
			sourceTree = "<group>";
		};
		AAAD73972B290E57002038AF /* ViewModels */ = {
			isa = PBXGroup;
			children = (
				AAAD73992B290E73002038AF /* CigaretteGameViewModel.swift */,
				AAB60CBA2B294F5C007AE64D /* FartingGameViewModel.swift */,
				AAB60CC52B2A074F007AE64D /* ElevatorGameViewModel.swift */,
				AAB60CCB2B2A0C76007AE64D /* RunningGameViewModel.swift */,
			);
			path = ViewModels;
			sourceTree = "<group>";
		};
		AAAD739D2B291DC2002038AF /* Cig */ = {
			isa = PBXGroup;
			children = (
				AAAD738A2B28C590002038AF /* CigaretteGameScene.swift */,
				AAAD739B2B2917F7002038AF /* CigLeaderboardView.swift */,
				AAAD738D2B28FDE8002038AF /* CigaretteGameView.swift */,
			);
			path = Cig;
			sourceTree = "<group>";
		};
		AAB60CB92B294F37007AE64D /* Farting */ = {
			isa = PBXGroup;
			children = (
				AAAD738F2B28FFD4002038AF /* FartingGameView.swift */,
				AAB60CBC2B294FFA007AE64D /* FartingGameScene.swift */,
				AAB60CBF2B295EBC007AE64D /* FartingLeaderBoardView.swift */,
			);
			path = Farting;
			sourceTree = "<group>";
		};
		AAB60CBE2B2950F2007AE64D /* SpriteKit */ = {
			isa = PBXGroup;
			children = (
				AAFCB8372B1F5F650064A4D3 /* Main.storyboard */,
				AAFCB83C2B1F5F660064A4D3 /* LaunchScreen.storyboard */,
				AAFCB8352B1F5F650064A4D3 /* GameViewController.swift */,
				AAFCB8332B1F5F650064A4D3 /* GameScene.swift */,
				AAFCB8312B1F5F650064A4D3 /* Actions.sks */,
				AAFCB82F2B1F5F650064A4D3 /* GameScene.sks */,
			);
			path = SpriteKit;
			sourceTree = "<group>";
		};
		AAB60CC12B2A06B9007AE64D /* Elevator */ = {
			isa = PBXGroup;
			children = (
				AAAD73942B29001B002038AF /* ElevatorGameView.swift */,
				AAB60CC32B2A072C007AE64D /* ElevatorGameScene.swift */,
				AAB60CC72B2A0770007AE64D /* ElevatorLeaderboardView.swift */,
			);
			path = Elevator;
			sourceTree = "<group>";
		};
		AAB60CC22B2A06C9007AE64D /* Running */ = {
			isa = PBXGroup;
			children = (
				AAAD73922B28FFF9002038AF /* RunningGameView.swift */,
				AAB60CC92B2A0C15007AE64D /* RunningGameScene.swift */,
			);
			path = Running;
			sourceTree = "<group>";
		};
		AAFCB8212B1F5F640064A4D3 = {
			isa = PBXGroup;
			children = (
				AAFCB82C2B1F5F640064A4D3 /* DoomsdayNanoDragons */,
				AAFCB82B2B1F5F640064A4D3 /* Products */,
			);
			sourceTree = "<group>";
		};
		AAFCB82B2B1F5F640064A4D3 /* Products */ = {
			isa = PBXGroup;
			children = (
				AAFCB82A2B1F5F640064A4D3 /* The Academy Game.app */,
			);
			name = Products;
			sourceTree = "<group>";
		};
		AAFCB82C2B1F5F640064A4D3 /* DoomsdayNanoDragons */ = {
			isa = PBXGroup;
			children = (
				AA7C5BBA2B2FBF8400EE0F44 /* Sounds */,
				AAAD73882B28C3E1002038AF /* Info.plist */,
				AAAD73802B28C038002038AF /* fonts */,
				AAAD73792B28AEA8002038AF /* Scenes */,
				AAFCB82D2B1F5F640064A4D3 /* AppDelegate.swift */,
				AAB60CBE2B2950F2007AE64D /* SpriteKit */,
				AAFCB83A2B1F5F660064A4D3 /* Assets.xcassets */,
			);
			path = DoomsdayNanoDragons;
			sourceTree = "<group>";
		};
/* End PBXGroup section */

/* Begin PBXNativeTarget section */
		AAFCB8292B1F5F640064A4D3 /* The Academy Game */ = {
			isa = PBXNativeTarget;
			buildConfigurationList = AAFCB8412B1F5F660064A4D3 /* Build configuration list for PBXNativeTarget "The Academy Game" */;
			buildPhases = (
				AAFCB8262B1F5F640064A4D3 /* Sources */,
				AAFCB8272B1F5F640064A4D3 /* Frameworks */,
				AAFCB8282B1F5F640064A4D3 /* Resources */,
			);
			buildRules = (
			);
			dependencies = (
			);
			name = "The Academy Game";
			productName = DoomsdayNanoDragons;
			productReference = AAFCB82A2B1F5F640064A4D3 /* The Academy Game.app */;
			productType = "com.apple.product-type.application";
		};
/* End PBXNativeTarget section */

/* Begin PBXProject section */
		AAFCB8222B1F5F640064A4D3 /* Project object */ = {
			isa = PBXProject;
			attributes = {
				BuildIndependentTargetsInParallel = 1;
				LastSwiftUpdateCheck = 1500;
				LastUpgradeCheck = 1500;
				TargetAttributes = {
					AAFCB8292B1F5F640064A4D3 = {
						CreatedOnToolsVersion = 15.0;
					};
				};
			};
			buildConfigurationList = AAFCB8252B1F5F640064A4D3 /* Build configuration list for PBXProject "DoomsdayNanoDragons" */;
			compatibilityVersion = "Xcode 14.0";
			developmentRegion = en;
			hasScannedForEncodings = 0;
			knownRegions = (
				en,
				Base,
			);
			mainGroup = AAFCB8212B1F5F640064A4D3;
			packageReferences = (
				AAFCB8482B221FAB0064A4D3 /* XCRemoteSwiftPackageReference "SwiftGif" */,
			);
			productRefGroup = AAFCB82B2B1F5F640064A4D3 /* Products */;
			projectDirPath = "";
			projectRoot = "";
			targets = (
				AAFCB8292B1F5F640064A4D3 /* The Academy Game */,
			);
		};
/* End PBXProject section */

/* Begin PBXResourcesBuildPhase section */
		AAFCB8282B1F5F640064A4D3 /* Resources */ = {
			isa = PBXResourcesBuildPhase;
			buildActionMask = 2147483647;
			files = (
				AA26D5602B309EEB001FD7DB /* elevator.mp3 in Resources */,
				AA7C5BBC2B2FBF9400EE0F44 /* whoosh.mp3 in Resources */,
				AA7C5BDA2B2FCC9A00EE0F44 /* SantiScream1.wav.wav in Resources */,
				AA7C5BC82B2FC46F00EE0F44 /* grunt.mp3 in Resources */,
				AA7C5BC02B2FC23800EE0F44 /* fart3.mp3 in Resources */,
				AA7C5BD82B2FCC8E00EE0F44 /* jump.wav in Resources */,
				AA7C5BBE2B2FC23300EE0F44 /* fart4.mp3 in Resources */,
				AA7C5BD02B2FC80900EE0F44 /* lol2.mp3 in Resources */,
				AAFCB8392B1F5F650064A4D3 /* Main.storyboard in Resources */,
				AA7C5BC62B2FC24D00EE0F44 /* fart1.mp3 in Resources */,
				AAFCB8302B1F5F650064A4D3 /* GameScene.sks in Resources */,
				AA7C5BC22B2FC23D00EE0F44 /* laugh.mp3 in Resources */,
				AA7C5BD22B2FC80E00EE0F44 /* lol3.mp3 in Resources */,
				AAFCB83B2B1F5F660064A4D3 /* Assets.xcassets in Resources */,
				AA7C5BCC2B2FC7FC00EE0F44 /* laugh2.mp3 in Resources */,
				AAFCB83E2B1F5F660064A4D3 /* LaunchScreen.storyboard in Resources */,
				AA7C5BD62B2FCC8800EE0F44 /* die.wav in Resources */,
				AA7C5BCE2B2FC80200EE0F44 /* lol1.mp3 in Resources */,
				AA7C5BD42B2FC81400EE0F44 /* laugh3.mp3 in Resources */,
				AA7C5BDE2B2FD06E00EE0F44 /* filiDead.wav in Resources */,
				AA7C5BC42B2FC24500EE0F44 /* fart2.mp3 in Resources */,
				AAFCB8322B1F5F650064A4D3 /* Actions.sks in Resources */,
				AA7C5BCA2B2FC4F100EE0F44 /* sniff.mp3 in Resources */,
				AA7C5BDC2B2FCCA000EE0F44 /* SantiScream2.wav in Resources */,
				AAAD73822B28C049002038AF /* LuckiestGuy-Regular.ttf in Resources */,
			);
			runOnlyForDeploymentPostprocessing = 0;
		};
/* End PBXResourcesBuildPhase section */

/* Begin PBXSourcesBuildPhase section */
		AAFCB8262B1F5F640064A4D3 /* Sources */ = {
			isa = PBXSourcesBuildPhase;
			buildActionMask = 2147483647;
			files = (
				AAAD739C2B2917F7002038AF /* CigLeaderboardView.swift in Sources */,
				AAFCB8342B1F5F650064A4D3 /* GameScene.swift in Sources */,
				AAB60CC62B2A074F007AE64D /* ElevatorGameViewModel.swift in Sources */,
				AAB60CB82B294E82007AE64D /* ContentView.swift in Sources */,
				AAB60CCC2B2A0C76007AE64D /* RunningGameViewModel.swift in Sources */,
				AAAD738E2B28FDE8002038AF /* CigaretteGameView.swift in Sources */,
				AAAD73902B28FFD4002038AF /* FartingGameView.swift in Sources */,
				AAAD737F2B28AF1B002038AF /* IntroView.swift in Sources */,
				AAB60CCA2B2A0C15007AE64D /* RunningGameScene.swift in Sources */,
				AAAD738B2B28C590002038AF /* CigaretteGameScene.swift in Sources */,
				AAFCB8362B1F5F650064A4D3 /* GameViewController.swift in Sources */,
				AAAD73932B28FFF9002038AF /* RunningGameView.swift in Sources */,
				AAAD739A2B290E73002038AF /* CigaretteGameViewModel.swift in Sources */,
				AAB60CC02B295EBC007AE64D /* FartingLeaderBoardView.swift in Sources */,
				AAB60CC82B2A0770007AE64D /* ElevatorLeaderboardView.swift in Sources */,
				AAFCB82E2B1F5F640064A4D3 /* AppDelegate.swift in Sources */,
				AAB60CC42B2A072C007AE64D /* ElevatorGameScene.swift in Sources */,
				AAAD73952B29001B002038AF /* ElevatorGameView.swift in Sources */,
				AAB60CBD2B294FFA007AE64D /* FartingGameScene.swift in Sources */,
				AAB60CBB2B294F5C007AE64D /* FartingGameViewModel.swift in Sources */,
			);
			runOnlyForDeploymentPostprocessing = 0;
		};
/* End PBXSourcesBuildPhase section */

/* Begin PBXVariantGroup section */
		AAFCB8372B1F5F650064A4D3 /* Main.storyboard */ = {
			isa = PBXVariantGroup;
			children = (
				AAFCB8382B1F5F650064A4D3 /* Base */,
			);
			name = Main.storyboard;
			sourceTree = "<group>";
		};
		AAFCB83C2B1F5F660064A4D3 /* LaunchScreen.storyboard */ = {
			isa = PBXVariantGroup;
			children = (
				AAFCB83D2B1F5F660064A4D3 /* Base */,
			);
			name = LaunchScreen.storyboard;
			sourceTree = "<group>";
		};
/* End PBXVariantGroup section */

/* Begin XCBuildConfiguration section */
		AAFCB83F2B1F5F660064A4D3 /* Debug */ = {
			isa = XCBuildConfiguration;
			buildSettings = {
				ALWAYS_SEARCH_USER_PATHS = NO;
				ASSETCATALOG_COMPILER_GENERATE_SWIFT_ASSET_SYMBOL_EXTENSIONS = YES;
				CLANG_ANALYZER_NONNULL = YES;
				CLANG_ANALYZER_NUMBER_OBJECT_CONVERSION = YES_AGGRESSIVE;
				CLANG_CXX_LANGUAGE_STANDARD = "gnu++20";
				CLANG_ENABLE_MODULES = YES;
				CLANG_ENABLE_OBJC_ARC = YES;
				CLANG_ENABLE_OBJC_WEAK = YES;
				CLANG_WARN_BLOCK_CAPTURE_AUTORELEASING = YES;
				CLANG_WARN_BOOL_CONVERSION = YES;
				CLANG_WARN_COMMA = YES;
				CLANG_WARN_CONSTANT_CONVERSION = YES;
				CLANG_WARN_DEPRECATED_OBJC_IMPLEMENTATIONS = YES;
				CLANG_WARN_DIRECT_OBJC_ISA_USAGE = YES_ERROR;
				CLANG_WARN_DOCUMENTATION_COMMENTS = YES;
				CLANG_WARN_EMPTY_BODY = YES;
				CLANG_WARN_ENUM_CONVERSION = YES;
				CLANG_WARN_INFINITE_RECURSION = YES;
				CLANG_WARN_INT_CONVERSION = YES;
				CLANG_WARN_NON_LITERAL_NULL_CONVERSION = YES;
				CLANG_WARN_OBJC_IMPLICIT_RETAIN_SELF = YES;
				CLANG_WARN_OBJC_LITERAL_CONVERSION = YES;
				CLANG_WARN_OBJC_ROOT_CLASS = YES_ERROR;
				CLANG_WARN_QUOTED_INCLUDE_IN_FRAMEWORK_HEADER = YES;
				CLANG_WARN_RANGE_LOOP_ANALYSIS = YES;
				CLANG_WARN_STRICT_PROTOTYPES = YES;
				CLANG_WARN_SUSPICIOUS_MOVE = YES;
				CLANG_WARN_UNGUARDED_AVAILABILITY = YES_AGGRESSIVE;
				CLANG_WARN_UNREACHABLE_CODE = YES;
				CLANG_WARN__DUPLICATE_METHOD_MATCH = YES;
				COPY_PHASE_STRIP = NO;
				DEBUG_INFORMATION_FORMAT = dwarf;
				ENABLE_STRICT_OBJC_MSGSEND = YES;
				ENABLE_TESTABILITY = YES;
				ENABLE_USER_SCRIPT_SANDBOXING = YES;
				GCC_C_LANGUAGE_STANDARD = gnu17;
				GCC_DYNAMIC_NO_PIC = NO;
				GCC_NO_COMMON_BLOCKS = YES;
				GCC_OPTIMIZATION_LEVEL = 0;
				GCC_PREPROCESSOR_DEFINITIONS = (
					"DEBUG=1",
					"$(inherited)",
				);
				GCC_WARN_64_TO_32_BIT_CONVERSION = YES;
				GCC_WARN_ABOUT_RETURN_TYPE = YES_ERROR;
				GCC_WARN_UNDECLARED_SELECTOR = YES;
				GCC_WARN_UNINITIALIZED_AUTOS = YES_AGGRESSIVE;
				GCC_WARN_UNUSED_FUNCTION = YES;
				GCC_WARN_UNUSED_VARIABLE = YES;
				IPHONEOS_DEPLOYMENT_TARGET = 17.0;
				LOCALIZATION_PREFERS_STRING_CATALOGS = YES;
				MTL_ENABLE_DEBUG_INFO = INCLUDE_SOURCE;
				MTL_FAST_MATH = YES;
				ONLY_ACTIVE_ARCH = YES;
				SDKROOT = iphoneos;
				SWIFT_ACTIVE_COMPILATION_CONDITIONS = "DEBUG $(inherited)";
				SWIFT_OPTIMIZATION_LEVEL = "-Onone";
			};
			name = Debug;
		};
		AAFCB8402B1F5F660064A4D3 /* Release */ = {
			isa = XCBuildConfiguration;
			buildSettings = {
				ALWAYS_SEARCH_USER_PATHS = NO;
				ASSETCATALOG_COMPILER_GENERATE_SWIFT_ASSET_SYMBOL_EXTENSIONS = YES;
				CLANG_ANALYZER_NONNULL = YES;
				CLANG_ANALYZER_NUMBER_OBJECT_CONVERSION = YES_AGGRESSIVE;
				CLANG_CXX_LANGUAGE_STANDARD = "gnu++20";
				CLANG_ENABLE_MODULES = YES;
				CLANG_ENABLE_OBJC_ARC = YES;
				CLANG_ENABLE_OBJC_WEAK = YES;
				CLANG_WARN_BLOCK_CAPTURE_AUTORELEASING = YES;
				CLANG_WARN_BOOL_CONVERSION = YES;
				CLANG_WARN_COMMA = YES;
				CLANG_WARN_CONSTANT_CONVERSION = YES;
				CLANG_WARN_DEPRECATED_OBJC_IMPLEMENTATIONS = YES;
				CLANG_WARN_DIRECT_OBJC_ISA_USAGE = YES_ERROR;
				CLANG_WARN_DOCUMENTATION_COMMENTS = YES;
				CLANG_WARN_EMPTY_BODY = YES;
				CLANG_WARN_ENUM_CONVERSION = YES;
				CLANG_WARN_INFINITE_RECURSION = YES;
				CLANG_WARN_INT_CONVERSION = YES;
				CLANG_WARN_NON_LITERAL_NULL_CONVERSION = YES;
				CLANG_WARN_OBJC_IMPLICIT_RETAIN_SELF = YES;
				CLANG_WARN_OBJC_LITERAL_CONVERSION = YES;
				CLANG_WARN_OBJC_ROOT_CLASS = YES_ERROR;
				CLANG_WARN_QUOTED_INCLUDE_IN_FRAMEWORK_HEADER = YES;
				CLANG_WARN_RANGE_LOOP_ANALYSIS = YES;
				CLANG_WARN_STRICT_PROTOTYPES = YES;
				CLANG_WARN_SUSPICIOUS_MOVE = YES;
				CLANG_WARN_UNGUARDED_AVAILABILITY = YES_AGGRESSIVE;
				CLANG_WARN_UNREACHABLE_CODE = YES;
				CLANG_WARN__DUPLICATE_METHOD_MATCH = YES;
				COPY_PHASE_STRIP = NO;
				DEBUG_INFORMATION_FORMAT = "dwarf-with-dsym";
				ENABLE_NS_ASSERTIONS = NO;
				ENABLE_STRICT_OBJC_MSGSEND = YES;
				ENABLE_USER_SCRIPT_SANDBOXING = YES;
				GCC_C_LANGUAGE_STANDARD = gnu17;
				GCC_NO_COMMON_BLOCKS = YES;
				GCC_WARN_64_TO_32_BIT_CONVERSION = YES;
				GCC_WARN_ABOUT_RETURN_TYPE = YES_ERROR;
				GCC_WARN_UNDECLARED_SELECTOR = YES;
				GCC_WARN_UNINITIALIZED_AUTOS = YES_AGGRESSIVE;
				GCC_WARN_UNUSED_FUNCTION = YES;
				GCC_WARN_UNUSED_VARIABLE = YES;
				IPHONEOS_DEPLOYMENT_TARGET = 17.0;
				LOCALIZATION_PREFERS_STRING_CATALOGS = YES;
				MTL_ENABLE_DEBUG_INFO = NO;
				MTL_FAST_MATH = YES;
				SDKROOT = iphoneos;
				SWIFT_COMPILATION_MODE = wholemodule;
				VALIDATE_PRODUCT = YES;
			};
			name = Release;
		};
		AAFCB8422B1F5F660064A4D3 /* Debug */ = {
			isa = XCBuildConfiguration;
			buildSettings = {
				ASSETCATALOG_COMPILER_APPICON_NAME = AppIcon;
				ASSETCATALOG_COMPILER_GLOBAL_ACCENT_COLOR_NAME = AccentColor;
				CODE_SIGN_STYLE = Automatic;
				CURRENT_PROJECT_VERSION = 1;
				DEVELOPMENT_TEAM = VZ9PFZ46UL;
				GENERATE_INFOPLIST_FILE = YES;
				INFOPLIST_FILE = DoomsdayNanoDragons/Info.plist;
				INFOPLIST_KEY_UIApplicationSupportsIndirectInputEvents = YES;
				INFOPLIST_KEY_UILaunchStoryboardName = LaunchScreen;
				INFOPLIST_KEY_UIMainStoryboardFile = Main;
				INFOPLIST_KEY_UIStatusBarHidden = YES;
				INFOPLIST_KEY_UISupportedInterfaceOrientations_iPad = "UIInterfaceOrientationPortrait UIInterfaceOrientationPortraitUpsideDown UIInterfaceOrientationLandscapeLeft UIInterfaceOrientationLandscapeRight";
				INFOPLIST_KEY_UISupportedInterfaceOrientations_iPhone = "UIInterfaceOrientationPortrait UIInterfaceOrientationLandscapeLeft UIInterfaceOrientationLandscapeRight";
				LD_RUNPATH_SEARCH_PATHS = (
					"$(inherited)",
					"@executable_path/Frameworks",
				);
				MARKETING_VERSION = 1.0;
				PRODUCT_BUNDLE_IDENTIFIER = "Santiago-Torres";
				PRODUCT_NAME = "$(TARGET_NAME)";
				SWIFT_EMIT_LOC_STRINGS = YES;
				SWIFT_VERSION = 5.0;
				TARGETED_DEVICE_FAMILY = "1,2";
			};
			name = Debug;
		};
		AAFCB8432B1F5F660064A4D3 /* Release */ = {
			isa = XCBuildConfiguration;
			buildSettings = {
				ASSETCATALOG_COMPILER_APPICON_NAME = AppIcon;
				ASSETCATALOG_COMPILER_GLOBAL_ACCENT_COLOR_NAME = AccentColor;
				CODE_SIGN_STYLE = Automatic;
				CURRENT_PROJECT_VERSION = 1;
				DEVELOPMENT_TEAM = VZ9PFZ46UL;
				GENERATE_INFOPLIST_FILE = YES;
				INFOPLIST_FILE = DoomsdayNanoDragons/Info.plist;
				INFOPLIST_KEY_UIApplicationSupportsIndirectInputEvents = YES;
				INFOPLIST_KEY_UILaunchStoryboardName = LaunchScreen;
				INFOPLIST_KEY_UIMainStoryboardFile = Main;
				INFOPLIST_KEY_UIStatusBarHidden = YES;
				INFOPLIST_KEY_UISupportedInterfaceOrientations_iPad = "UIInterfaceOrientationPortrait UIInterfaceOrientationPortraitUpsideDown UIInterfaceOrientationLandscapeLeft UIInterfaceOrientationLandscapeRight";
				INFOPLIST_KEY_UISupportedInterfaceOrientations_iPhone = "UIInterfaceOrientationPortrait UIInterfaceOrientationLandscapeLeft UIInterfaceOrientationLandscapeRight";
				LD_RUNPATH_SEARCH_PATHS = (
					"$(inherited)",
					"@executable_path/Frameworks",
				);
				MARKETING_VERSION = 1.0;
				PRODUCT_BUNDLE_IDENTIFIER = "Santiago-Torres";
				PRODUCT_NAME = "$(TARGET_NAME)";
				SWIFT_EMIT_LOC_STRINGS = YES;
				SWIFT_VERSION = 5.0;
				TARGETED_DEVICE_FAMILY = "1,2";
			};
			name = Release;
		};
/* End XCBuildConfiguration section */

/* Begin XCConfigurationList section */
		AAFCB8252B1F5F640064A4D3 /* Build configuration list for PBXProject "DoomsdayNanoDragons" */ = {
			isa = XCConfigurationList;
			buildConfigurations = (
				AAFCB83F2B1F5F660064A4D3 /* Debug */,
				AAFCB8402B1F5F660064A4D3 /* Release */,
			);
			defaultConfigurationIsVisible = 0;
			defaultConfigurationName = Release;
		};
		AAFCB8412B1F5F660064A4D3 /* Build configuration list for PBXNativeTarget "The Academy Game" */ = {
			isa = XCConfigurationList;
			buildConfigurations = (
				AAFCB8422B1F5F660064A4D3 /* Debug */,
				AAFCB8432B1F5F660064A4D3 /* Release */,
			);
			defaultConfigurationIsVisible = 0;
			defaultConfigurationName = Release;
		};
/* End XCConfigurationList section */

/* Begin XCRemoteSwiftPackageReference section */
		AAFCB8482B221FAB0064A4D3 /* XCRemoteSwiftPackageReference "SwiftGif" */ = {
			isa = XCRemoteSwiftPackageReference;
			repositoryURL = "https://github.com/swiftgif/SwiftGif.git";
			requirement = {
				branch = master;
				kind = branch;
			};
		};
/* End XCRemoteSwiftPackageReference section */
	};
	rootObject = AAFCB8222B1F5F640064A4D3 /* Project object */;
}
